// !$*UTF8*$!
{
	archiveVersion = 1;
	classes = {
	};
	objectVersion = 51;
	objects = {

/* Begin PBXBuildFile section */
		0B78A82AF90292C7C2849B84 /* Pods_DynamicPushAnswers.framework in Frameworks */ = {isa = PBXBuildFile; fileRef = A5FB6EA09BE455063B6B6537 /* Pods_DynamicPushAnswers.framework */; };
		278DDCA6A49CA83489825791 /* Pods_NotificationService.framework in Frameworks */ = {isa = PBXBuildFile; fileRef = 66094FEE0209FA0E3F33E04F /* Pods_NotificationService.framework */; };
		64297C7323FE842400A352A3 /* AppDelegate.swift in Sources */ = {isa = PBXBuildFile; fileRef = 64297C7223FE842400A352A3 /* AppDelegate.swift */; };
		64297C7523FE842400A352A3 /* SceneDelegate.swift in Sources */ = {isa = PBXBuildFile; fileRef = 64297C7423FE842400A352A3 /* SceneDelegate.swift */; };
		64297C7723FE842400A352A3 /* ContentView.swift in Sources */ = {isa = PBXBuildFile; fileRef = 64297C7623FE842400A352A3 /* ContentView.swift */; };
		64297C7923FE842600A352A3 /* Assets.xcassets in Resources */ = {isa = PBXBuildFile; fileRef = 64297C7823FE842600A352A3 /* Assets.xcassets */; };
		64297C7C23FE842600A352A3 /* Preview Assets.xcassets in Resources */ = {isa = PBXBuildFile; fileRef = 64297C7B23FE842600A352A3 /* Preview Assets.xcassets */; };
		64297C7F23FE842600A352A3 /* LaunchScreen.storyboard in Resources */ = {isa = PBXBuildFile; fileRef = 64297C7D23FE842600A352A3 /* LaunchScreen.storyboard */; };
		64297C8C23FE84CB00A352A3 /* PushManager+Handler.swift in Sources */ = {isa = PBXBuildFile; fileRef = 64297C8923FE84CB00A352A3 /* PushManager+Handler.swift */; };
		64297C8D23FE84CB00A352A3 /* PushAction.swift in Sources */ = {isa = PBXBuildFile; fileRef = 64297C8A23FE84CB00A352A3 /* PushAction.swift */; };
		64297C9523FE86CF00A352A3 /* NotificationService.swift in Sources */ = {isa = PBXBuildFile; fileRef = 64297C9423FE86CF00A352A3 /* NotificationService.swift */; };
		64297C9923FE86CF00A352A3 /* NotificationService.appex in Embed App Extensions */ = {isa = PBXBuildFile; fileRef = 64297C9223FE86CF00A352A3 /* NotificationService.appex */; settings = {ATTRIBUTES = (RemoveHeadersOnCopy, ); }; };
		64297CA023FE87A500A352A3 /* NotificationService+Prepare.swift in Sources */ = {isa = PBXBuildFile; fileRef = 64297C9F23FE87A500A352A3 /* NotificationService+Prepare.swift */; };
		64297CA523FE886500A352A3 /* PushManager.swift in Sources */ = {isa = PBXBuildFile; fileRef = 64297CA423FE886500A352A3 /* PushManager.swift */; };
		64297CA823FE889E00A352A3 /* PushAction.swift in Sources */ = {isa = PBXBuildFile; fileRef = 64297C8A23FE84CB00A352A3 /* PushAction.swift */; };
/* End PBXBuildFile section */

/* Begin PBXContainerItemProxy section */
		64297C9723FE86CF00A352A3 /* PBXContainerItemProxy */ = {
			isa = PBXContainerItemProxy;
			containerPortal = 64297C6723FE842400A352A3 /* Project object */;
			proxyType = 1;
			remoteGlobalIDString = 64297C9123FE86CF00A352A3;
			remoteInfo = NotificationService;
		};
/* End PBXContainerItemProxy section */

/* Begin PBXCopyFilesBuildPhase section */
		64297C9A23FE86CF00A352A3 /* Embed App Extensions */ = {
			isa = PBXCopyFilesBuildPhase;
			buildActionMask = 2147483647;
			dstPath = "";
			dstSubfolderSpec = 13;
			files = (
				64297C9923FE86CF00A352A3 /* NotificationService.appex in Embed App Extensions */,
			);
			name = "Embed App Extensions";
			runOnlyForDeploymentPostprocessing = 0;
		};
/* End PBXCopyFilesBuildPhase section */

/* Begin PBXFileReference section */
		00B31B76C3193C53921139F5 /* Pods-NotificationService.release.xcconfig */ = {isa = PBXFileReference; includeInIndex = 1; lastKnownFileType = text.xcconfig; name = "Pods-NotificationService.release.xcconfig"; path = "Target Support Files/Pods-NotificationService/Pods-NotificationService.release.xcconfig"; sourceTree = "<group>"; };
		64297C6F23FE842400A352A3 /* DynamicPushAnswers.app */ = {isa = PBXFileReference; explicitFileType = wrapper.application; includeInIndex = 0; path = DynamicPushAnswers.app; sourceTree = BUILT_PRODUCTS_DIR; };
		64297C7223FE842400A352A3 /* AppDelegate.swift */ = {isa = PBXFileReference; lastKnownFileType = sourcecode.swift; path = AppDelegate.swift; sourceTree = "<group>"; };
		64297C7423FE842400A352A3 /* SceneDelegate.swift */ = {isa = PBXFileReference; lastKnownFileType = sourcecode.swift; path = SceneDelegate.swift; sourceTree = "<group>"; };
		64297C7623FE842400A352A3 /* ContentView.swift */ = {isa = PBXFileReference; lastKnownFileType = sourcecode.swift; path = ContentView.swift; sourceTree = "<group>"; };
		64297C7823FE842600A352A3 /* Assets.xcassets */ = {isa = PBXFileReference; lastKnownFileType = folder.assetcatalog; path = Assets.xcassets; sourceTree = "<group>"; };
		64297C7B23FE842600A352A3 /* Preview Assets.xcassets */ = {isa = PBXFileReference; lastKnownFileType = folder.assetcatalog; path = "Preview Assets.xcassets"; sourceTree = "<group>"; };
		64297C7E23FE842600A352A3 /* Base */ = {isa = PBXFileReference; lastKnownFileType = file.storyboard; name = Base; path = Base.lproj/LaunchScreen.storyboard; sourceTree = "<group>"; };
		64297C8023FE842600A352A3 /* Info.plist */ = {isa = PBXFileReference; lastKnownFileType = text.plist.xml; path = Info.plist; sourceTree = "<group>"; };
		64297C8623FE846900A352A3 /* DynamicPushAnswers.entitlements */ = {isa = PBXFileReference; lastKnownFileType = text.plist.entitlements; path = DynamicPushAnswers.entitlements; sourceTree = "<group>"; };
		64297C8923FE84CB00A352A3 /* PushManager+Handler.swift */ = {isa = PBXFileReference; fileEncoding = 4; lastKnownFileType = sourcecode.swift; path = "PushManager+Handler.swift"; sourceTree = "<group>"; };
		64297C8A23FE84CB00A352A3 /* PushAction.swift */ = {isa = PBXFileReference; fileEncoding = 4; lastKnownFileType = sourcecode.swift; path = PushAction.swift; sourceTree = "<group>"; };
		64297C9223FE86CF00A352A3 /* NotificationService.appex */ = {isa = PBXFileReference; explicitFileType = "wrapper.app-extension"; includeInIndex = 0; path = NotificationService.appex; sourceTree = BUILT_PRODUCTS_DIR; };
		64297C9423FE86CF00A352A3 /* NotificationService.swift */ = {isa = PBXFileReference; lastKnownFileType = sourcecode.swift; path = NotificationService.swift; sourceTree = "<group>"; };
		64297C9623FE86CF00A352A3 /* Info.plist */ = {isa = PBXFileReference; lastKnownFileType = text.plist.xml; path = Info.plist; sourceTree = "<group>"; };
		64297C9F23FE87A500A352A3 /* NotificationService+Prepare.swift */ = {isa = PBXFileReference; fileEncoding = 4; lastKnownFileType = sourcecode.swift; path = "NotificationService+Prepare.swift"; sourceTree = "<group>"; };
		64297CA423FE886500A352A3 /* PushManager.swift */ = {isa = PBXFileReference; fileEncoding = 4; lastKnownFileType = sourcecode.swift; path = PushManager.swift; sourceTree = "<group>"; };
		66094FEE0209FA0E3F33E04F /* Pods_NotificationService.framework */ = {isa = PBXFileReference; explicitFileType = wrapper.framework; includeInIndex = 0; path = Pods_NotificationService.framework; sourceTree = BUILT_PRODUCTS_DIR; };
		9ED140490A96D4B1DC3F9362 /* Pods-DynamicPushAnswers.debug.xcconfig */ = {isa = PBXFileReference; includeInIndex = 1; lastKnownFileType = text.xcconfig; name = "Pods-DynamicPushAnswers.debug.xcconfig"; path = "Target Support Files/Pods-DynamicPushAnswers/Pods-DynamicPushAnswers.debug.xcconfig"; sourceTree = "<group>"; };
		A5FB6EA09BE455063B6B6537 /* Pods_DynamicPushAnswers.framework */ = {isa = PBXFileReference; explicitFileType = wrapper.framework; includeInIndex = 0; path = Pods_DynamicPushAnswers.framework; sourceTree = BUILT_PRODUCTS_DIR; };
		F02B8C44F2621D66EA380680 /* Pods-NotificationService.debug.xcconfig */ = {isa = PBXFileReference; includeInIndex = 1; lastKnownFileType = text.xcconfig; name = "Pods-NotificationService.debug.xcconfig"; path = "Target Support Files/Pods-NotificationService/Pods-NotificationService.debug.xcconfig"; sourceTree = "<group>"; };
		F544FBB5CCDF56D2CC928218 /* Pods-DynamicPushAnswers.release.xcconfig */ = {isa = PBXFileReference; includeInIndex = 1; lastKnownFileType = text.xcconfig; name = "Pods-DynamicPushAnswers.release.xcconfig"; path = "Target Support Files/Pods-DynamicPushAnswers/Pods-DynamicPushAnswers.release.xcconfig"; sourceTree = "<group>"; };
/* End PBXFileReference section */

/* Begin PBXFrameworksBuildPhase section */
		64297C6C23FE842400A352A3 /* Frameworks */ = {
			isa = PBXFrameworksBuildPhase;
			buildActionMask = 2147483647;
			files = (
				0B78A82AF90292C7C2849B84 /* Pods_DynamicPushAnswers.framework in Frameworks */,
			);
			runOnlyForDeploymentPostprocessing = 0;
		};
		64297C8F23FE86CF00A352A3 /* Frameworks */ = {
			isa = PBXFrameworksBuildPhase;
			buildActionMask = 2147483647;
			files = (
				278DDCA6A49CA83489825791 /* Pods_NotificationService.framework in Frameworks */,
			);
			runOnlyForDeploymentPostprocessing = 0;
		};
/* End PBXFrameworksBuildPhase section */

/* Begin PBXGroup section */
		5DEE6B9FCD86796FBC9C42E2 /* Pods */ = {
			isa = PBXGroup;
			children = (
				9ED140490A96D4B1DC3F9362 /* Pods-DynamicPushAnswers.debug.xcconfig */,
				F544FBB5CCDF56D2CC928218 /* Pods-DynamicPushAnswers.release.xcconfig */,
				F02B8C44F2621D66EA380680 /* Pods-NotificationService.debug.xcconfig */,
				00B31B76C3193C53921139F5 /* Pods-NotificationService.release.xcconfig */,
			);
			path = Pods;
			sourceTree = "<group>";
		};
		64297C6623FE842400A352A3 = {
			isa = PBXGroup;
			children = (
				64297C7123FE842400A352A3 /* DynamicPushAnswers */,
				64297C9323FE86CF00A352A3 /* NotificationService */,
				64297C7023FE842400A352A3 /* Products */,
				5DEE6B9FCD86796FBC9C42E2 /* Pods */,
				ADFB901BEF947170369869F2 /* Frameworks */,
			);
			sourceTree = "<group>";
		};
		64297C7023FE842400A352A3 /* Products */ = {
			isa = PBXGroup;
			children = (
				64297C6F23FE842400A352A3 /* DynamicPushAnswers.app */,
				64297C9223FE86CF00A352A3 /* NotificationService.appex */,
			);
			name = Products;
			sourceTree = "<group>";
		};
		64297C7123FE842400A352A3 /* DynamicPushAnswers */ = {
			isa = PBXGroup;
			children = (
				64297CA123FE87C900A352A3 /* Manager */,
				64297CA723FE889100A352A3 /* Shared */,
				64297C8623FE846900A352A3 /* DynamicPushAnswers.entitlements */,
				64297C7223FE842400A352A3 /* AppDelegate.swift */,
				64297C7423FE842400A352A3 /* SceneDelegate.swift */,
				64297C7623FE842400A352A3 /* ContentView.swift */,
				64297C7823FE842600A352A3 /* Assets.xcassets */,
				64297C7D23FE842600A352A3 /* LaunchScreen.storyboard */,
				64297C8023FE842600A352A3 /* Info.plist */,
				64297C7A23FE842600A352A3 /* Preview Content */,
			);
			path = DynamicPushAnswers;
			sourceTree = "<group>";
		};
		64297C7A23FE842600A352A3 /* Preview Content */ = {
			isa = PBXGroup;
			children = (
				64297C7B23FE842600A352A3 /* Preview Assets.xcassets */,
			);
			path = "Preview Content";
			sourceTree = "<group>";
		};
		64297C9323FE86CF00A352A3 /* NotificationService */ = {
			isa = PBXGroup;
			children = (
				64297C9423FE86CF00A352A3 /* NotificationService.swift */,
				64297C9F23FE87A500A352A3 /* NotificationService+Prepare.swift */,
				64297C9623FE86CF00A352A3 /* Info.plist */,
			);
			path = NotificationService;
			sourceTree = "<group>";
		};
		64297CA123FE87C900A352A3 /* Manager */ = {
			isa = PBXGroup;
			children = (
				64297CA423FE886500A352A3 /* PushManager.swift */,
				64297C8923FE84CB00A352A3 /* PushManager+Handler.swift */,
			);
			path = Manager;
			sourceTree = "<group>";
		};
		64297CA723FE889100A352A3 /* Shared */ = {
			isa = PBXGroup;
			children = (
				64297C8A23FE84CB00A352A3 /* PushAction.swift */,
			);
			path = Shared;
			sourceTree = "<group>";
		};
		ADFB901BEF947170369869F2 /* Frameworks */ = {
			isa = PBXGroup;
			children = (
				A5FB6EA09BE455063B6B6537 /* Pods_DynamicPushAnswers.framework */,
				66094FEE0209FA0E3F33E04F /* Pods_NotificationService.framework */,
			);
			name = Frameworks;
			sourceTree = "<group>";
		};
/* End PBXGroup section */

/* Begin PBXNativeTarget section */
		64297C6E23FE842400A352A3 /* DynamicPushAnswers */ = {
			isa = PBXNativeTarget;
			buildConfigurationList = 64297C8323FE842600A352A3 /* Build configuration list for PBXNativeTarget "DynamicPushAnswers" */;
			buildPhases = (
				DE2091C796F935379296BA70 /* [CP] Check Pods Manifest.lock */,
				64297C6B23FE842400A352A3 /* Sources */,
				64297C6C23FE842400A352A3 /* Frameworks */,
				64297C6D23FE842400A352A3 /* Resources */,
				64297C9A23FE86CF00A352A3 /* Embed App Extensions */,
				0C925DCB9CAE4FB63AAAC570 /* [CP] Embed Pods Frameworks */,
			);
			buildRules = (
			);
			dependencies = (
				64297C9823FE86CF00A352A3 /* PBXTargetDependency */,
			);
			name = DynamicPushAnswers;
			productName = DynamicPushAnswers;
			productReference = 64297C6F23FE842400A352A3 /* DynamicPushAnswers.app */;
			productType = "com.apple.product-type.application";
		};
		64297C9123FE86CF00A352A3 /* NotificationService */ = {
			isa = PBXNativeTarget;
			buildConfigurationList = 64297C9D23FE86CF00A352A3 /* Build configuration list for PBXNativeTarget "NotificationService" */;
			buildPhases = (
				0E5985493AD4B6A92ABF5CEB /* [CP] Check Pods Manifest.lock */,
				64297C8E23FE86CF00A352A3 /* Sources */,
				64297C8F23FE86CF00A352A3 /* Frameworks */,
				64297C9023FE86CF00A352A3 /* Resources */,
			);
			buildRules = (
			);
			dependencies = (
			);
			name = NotificationService;
			productName = NotificationService;
			productReference = 64297C9223FE86CF00A352A3 /* NotificationService.appex */;
			productType = "com.apple.product-type.app-extension";
		};
/* End PBXNativeTarget section */

/* Begin PBXProject section */
		64297C6723FE842400A352A3 /* Project object */ = {
			isa = PBXProject;
			attributes = {
				LastSwiftUpdateCheck = 1130;
				LastUpgradeCheck = 1130;
				ORGANIZATIONNAME = nexor;
				TargetAttributes = {
					64297C6E23FE842400A352A3 = {
						CreatedOnToolsVersion = 11.3.1;
					};
					64297C9123FE86CF00A352A3 = {
						CreatedOnToolsVersion = 11.3.1;
					};
				};
			};
			buildConfigurationList = 64297C6A23FE842400A352A3 /* Build configuration list for PBXProject "DynamicPushAnswers" */;
			compatibilityVersion = "Xcode 9.3";
			developmentRegion = en;
			hasScannedForEncodings = 0;
			knownRegions = (
				en,
				Base,
			);
			mainGroup = 64297C6623FE842400A352A3;
			productRefGroup = 64297C7023FE842400A352A3 /* Products */;
			projectDirPath = "";
			projectRoot = "";
			targets = (
				64297C6E23FE842400A352A3 /* DynamicPushAnswers */,
				64297C9123FE86CF00A352A3 /* NotificationService */,
			);
		};
/* End PBXProject section */

/* Begin PBXResourcesBuildPhase section */
		64297C6D23FE842400A352A3 /* Resources */ = {
			isa = PBXResourcesBuildPhase;
			buildActionMask = 2147483647;
			files = (
				64297C7F23FE842600A352A3 /* LaunchScreen.storyboard in Resources */,
				64297C7C23FE842600A352A3 /* Preview Assets.xcassets in Resources */,
				64297C7923FE842600A352A3 /* Assets.xcassets in Resources */,
			);
			runOnlyForDeploymentPostprocessing = 0;
		};
		64297C9023FE86CF00A352A3 /* Resources */ = {
			isa = PBXResourcesBuildPhase;
			buildActionMask = 2147483647;
			files = (
			);
			runOnlyForDeploymentPostprocessing = 0;
		};
/* End PBXResourcesBuildPhase section */

/* Begin PBXShellScriptBuildPhase section */
		0C925DCB9CAE4FB63AAAC570 /* [CP] Embed Pods Frameworks */ = {
			isa = PBXShellScriptBuildPhase;
			buildActionMask = 2147483647;
			files = (
			);
			inputFileListPaths = (
				"${PODS_ROOT}/Target Support Files/Pods-DynamicPushAnswers/Pods-DynamicPushAnswers-frameworks-${CONFIGURATION}-input-files.xcfilelist",
			);
			name = "[CP] Embed Pods Frameworks";
			outputFileListPaths = (
				"${PODS_ROOT}/Target Support Files/Pods-DynamicPushAnswers/Pods-DynamicPushAnswers-frameworks-${CONFIGURATION}-output-files.xcfilelist",
			);
			runOnlyForDeploymentPostprocessing = 0;
			shellPath = /bin/sh;
			shellScript = "\"${PODS_ROOT}/Target Support Files/Pods-DynamicPushAnswers/Pods-DynamicPushAnswers-frameworks.sh\"\n";
			showEnvVarsInLog = 0;
		};
		0E5985493AD4B6A92ABF5CEB /* [CP] Check Pods Manifest.lock */ = {
			isa = PBXShellScriptBuildPhase;
			buildActionMask = 2147483647;
			files = (
			);
			inputFileListPaths = (
			);
			inputPaths = (
				"${PODS_PODFILE_DIR_PATH}/Podfile.lock",
				"${PODS_ROOT}/Manifest.lock",
			);
			name = "[CP] Check Pods Manifest.lock";
			outputFileListPaths = (
			);
			outputPaths = (
				"$(DERIVED_FILE_DIR)/Pods-NotificationService-checkManifestLockResult.txt",
			);
			runOnlyForDeploymentPostprocessing = 0;
			shellPath = /bin/sh;
			shellScript = "diff \"${PODS_PODFILE_DIR_PATH}/Podfile.lock\" \"${PODS_ROOT}/Manifest.lock\" > /dev/null\nif [ $? != 0 ] ; then\n    # print error to STDERR\n    echo \"error: The sandbox is not in sync with the Podfile.lock. Run 'pod install' or update your CocoaPods installation.\" >&2\n    exit 1\nfi\n# This output is used by Xcode 'outputs' to avoid re-running this script phase.\necho \"SUCCESS\" > \"${SCRIPT_OUTPUT_FILE_0}\"\n";
			showEnvVarsInLog = 0;
		};
		DE2091C796F935379296BA70 /* [CP] Check Pods Manifest.lock */ = {
			isa = PBXShellScriptBuildPhase;
			buildActionMask = 2147483647;
			files = (
			);
			inputFileListPaths = (
			);
			inputPaths = (
				"${PODS_PODFILE_DIR_PATH}/Podfile.lock",
				"${PODS_ROOT}/Manifest.lock",
			);
			name = "[CP] Check Pods Manifest.lock";
			outputFileListPaths = (
			);
			outputPaths = (
				"$(DERIVED_FILE_DIR)/Pods-DynamicPushAnswers-checkManifestLockResult.txt",
			);
			runOnlyForDeploymentPostprocessing = 0;
			shellPath = /bin/sh;
			shellScript = "diff \"${PODS_PODFILE_DIR_PATH}/Podfile.lock\" \"${PODS_ROOT}/Manifest.lock\" > /dev/null\nif [ $? != 0 ] ; then\n    # print error to STDERR\n    echo \"error: The sandbox is not in sync with the Podfile.lock. Run 'pod install' or update your CocoaPods installation.\" >&2\n    exit 1\nfi\n# This output is used by Xcode 'outputs' to avoid re-running this script phase.\necho \"SUCCESS\" > \"${SCRIPT_OUTPUT_FILE_0}\"\n";
			showEnvVarsInLog = 0;
		};
/* End PBXShellScriptBuildPhase section */

/* Begin PBXSourcesBuildPhase section */
		64297C6B23FE842400A352A3 /* Sources */ = {
			isa = PBXSourcesBuildPhase;
			buildActionMask = 2147483647;
			files = (
				64297C8C23FE84CB00A352A3 /* PushManager+Handler.swift in Sources */,
				64297C8D23FE84CB00A352A3 /* PushAction.swift in Sources */,
				64297C7323FE842400A352A3 /* AppDelegate.swift in Sources */,
				64297CA523FE886500A352A3 /* PushManager.swift in Sources */,
				64297C7523FE842400A352A3 /* SceneDelegate.swift in Sources */,
				64297C7723FE842400A352A3 /* ContentView.swift in Sources */,
			);
			runOnlyForDeploymentPostprocessing = 0;
		};
		64297C8E23FE86CF00A352A3 /* Sources */ = {
			isa = PBXSourcesBuildPhase;
			buildActionMask = 2147483647;
			files = (
				64297CA023FE87A500A352A3 /* NotificationService+Prepare.swift in Sources */,
				64297C9523FE86CF00A352A3 /* NotificationService.swift in Sources */,
				64297CA823FE889E00A352A3 /* PushAction.swift in Sources */,
			);
			runOnlyForDeploymentPostprocessing = 0;
		};
/* End PBXSourcesBuildPhase section */

/* Begin PBXTargetDependency section */
		64297C9823FE86CF00A352A3 /* PBXTargetDependency */ = {
			isa = PBXTargetDependency;
			target = 64297C9123FE86CF00A352A3 /* NotificationService */;
			targetProxy = 64297C9723FE86CF00A352A3 /* PBXContainerItemProxy */;
		};
/* End PBXTargetDependency section */

/* Begin PBXVariantGroup section */
		64297C7D23FE842600A352A3 /* LaunchScreen.storyboard */ = {
			isa = PBXVariantGroup;
			children = (
				64297C7E23FE842600A352A3 /* Base */,
			);
			name = LaunchScreen.storyboard;
			sourceTree = "<group>";
		};
/* End PBXVariantGroup section */

/* Begin XCBuildConfiguration section */
		64297C8123FE842600A352A3 /* Debug */ = {
			isa = XCBuildConfiguration;
			buildSettings = {
				ALWAYS_SEARCH_USER_PATHS = NO;
				CLANG_ANALYZER_NONNULL = YES;
				CLANG_ANALYZER_NUMBER_OBJECT_CONVERSION = YES_AGGRESSIVE;
				CLANG_CXX_LANGUAGE_STANDARD = "gnu++14";
				CLANG_CXX_LIBRARY = "libc++";
				CLANG_ENABLE_MODULES = YES;
				CLANG_ENABLE_OBJC_ARC = YES;
				CLANG_ENABLE_OBJC_WEAK = YES;
				CLANG_WARN_BLOCK_CAPTURE_AUTORELEASING = YES;
				CLANG_WARN_BOOL_CONVERSION = YES;
				CLANG_WARN_COMMA = YES;
				CLANG_WARN_CONSTANT_CONVERSION = YES;
				CLANG_WARN_DEPRECATED_OBJC_IMPLEMENTATIONS = YES;
				CLANG_WARN_DIRECT_OBJC_ISA_USAGE = YES_ERROR;
				CLANG_WARN_DOCUMENTATION_COMMENTS = YES;
				CLANG_WARN_EMPTY_BODY = YES;
				CLANG_WARN_ENUM_CONVERSION = YES;
				CLANG_WARN_INFINITE_RECURSION = YES;
				CLANG_WARN_INT_CONVERSION = YES;
				CLANG_WARN_NON_LITERAL_NULL_CONVERSION = YES;
				CLANG_WARN_OBJC_IMPLICIT_RETAIN_SELF = YES;
				CLANG_WARN_OBJC_LITERAL_CONVERSION = YES;
				CLANG_WARN_OBJC_ROOT_CLASS = YES_ERROR;
				CLANG_WARN_RANGE_LOOP_ANALYSIS = YES;
				CLANG_WARN_STRICT_PROTOTYPES = YES;
				CLANG_WARN_SUSPICIOUS_MOVE = YES;
				CLANG_WARN_UNGUARDED_AVAILABILITY = YES_AGGRESSIVE;
				CLANG_WARN_UNREACHABLE_CODE = YES;
				CLANG_WARN__DUPLICATE_METHOD_MATCH = YES;
				COPY_PHASE_STRIP = NO;
				DEBUG_INFORMATION_FORMAT = dwarf;
				ENABLE_STRICT_OBJC_MSGSEND = YES;
				ENABLE_TESTABILITY = YES;
				GCC_C_LANGUAGE_STANDARD = gnu11;
				GCC_DYNAMIC_NO_PIC = NO;
				GCC_NO_COMMON_BLOCKS = YES;
				GCC_OPTIMIZATION_LEVEL = 0;
				GCC_PREPROCESSOR_DEFINITIONS = (
					"DEBUG=1",
					"$(inherited)",
				);
				GCC_WARN_64_TO_32_BIT_CONVERSION = YES;
				GCC_WARN_ABOUT_RETURN_TYPE = YES_ERROR;
				GCC_WARN_UNDECLARED_SELECTOR = YES;
				GCC_WARN_UNINITIALIZED_AUTOS = YES_AGGRESSIVE;
				GCC_WARN_UNUSED_FUNCTION = YES;
				GCC_WARN_UNUSED_VARIABLE = YES;
				IPHONEOS_DEPLOYMENT_TARGET = 13.2;
				MTL_ENABLE_DEBUG_INFO = INCLUDE_SOURCE;
				MTL_FAST_MATH = YES;
				ONLY_ACTIVE_ARCH = YES;
				SDKROOT = iphoneos;
				SWIFT_ACTIVE_COMPILATION_CONDITIONS = DEBUG;
				SWIFT_OPTIMIZATION_LEVEL = "-Onone";
			};
			name = Debug;
		};
		64297C8223FE842600A352A3 /* Release */ = {
			isa = XCBuildConfiguration;
			buildSettings = {
				ALWAYS_SEARCH_USER_PATHS = NO;
				CLANG_ANALYZER_NONNULL = YES;
				CLANG_ANALYZER_NUMBER_OBJECT_CONVERSION = YES_AGGRESSIVE;
				CLANG_CXX_LANGUAGE_STANDARD = "gnu++14";
				CLANG_CXX_LIBRARY = "libc++";
				CLANG_ENABLE_MODULES = YES;
				CLANG_ENABLE_OBJC_ARC = YES;
				CLANG_ENABLE_OBJC_WEAK = YES;
				CLANG_WARN_BLOCK_CAPTURE_AUTORELEASING = YES;
				CLANG_WARN_BOOL_CONVERSION = YES;
				CLANG_WARN_COMMA = YES;
				CLANG_WARN_CONSTANT_CONVERSION = YES;
				CLANG_WARN_DEPRECATED_OBJC_IMPLEMENTATIONS = YES;
				CLANG_WARN_DIRECT_OBJC_ISA_USAGE = YES_ERROR;
				CLANG_WARN_DOCUMENTATION_COMMENTS = YES;
				CLANG_WARN_EMPTY_BODY = YES;
				CLANG_WARN_ENUM_CONVERSION = YES;
				CLANG_WARN_INFINITE_RECURSION = YES;
				CLANG_WARN_INT_CONVERSION = YES;
				CLANG_WARN_NON_LITERAL_NULL_CONVERSION = YES;
				CLANG_WARN_OBJC_IMPLICIT_RETAIN_SELF = YES;
				CLANG_WARN_OBJC_LITERAL_CONVERSION = YES;
				CLANG_WARN_OBJC_ROOT_CLASS = YES_ERROR;
				CLANG_WARN_RANGE_LOOP_ANALYSIS = YES;
				CLANG_WARN_STRICT_PROTOTYPES = YES;
				CLANG_WARN_SUSPICIOUS_MOVE = YES;
				CLANG_WARN_UNGUARDED_AVAILABILITY = YES_AGGRESSIVE;
				CLANG_WARN_UNREACHABLE_CODE = YES;
				CLANG_WARN__DUPLICATE_METHOD_MATCH = YES;
				COPY_PHASE_STRIP = NO;
				DEBUG_INFORMATION_FORMAT = "dwarf-with-dsym";
				ENABLE_NS_ASSERTIONS = NO;
				ENABLE_STRICT_OBJC_MSGSEND = YES;
				GCC_C_LANGUAGE_STANDARD = gnu11;
				GCC_NO_COMMON_BLOCKS = YES;
				GCC_WARN_64_TO_32_BIT_CONVERSION = YES;
				GCC_WARN_ABOUT_RETURN_TYPE = YES_ERROR;
				GCC_WARN_UNDECLARED_SELECTOR = YES;
				GCC_WARN_UNINITIALIZED_AUTOS = YES_AGGRESSIVE;
				GCC_WARN_UNUSED_FUNCTION = YES;
				GCC_WARN_UNUSED_VARIABLE = YES;
				IPHONEOS_DEPLOYMENT_TARGET = 13.2;
				MTL_ENABLE_DEBUG_INFO = NO;
				MTL_FAST_MATH = YES;
				SDKROOT = iphoneos;
				SWIFT_COMPILATION_MODE = wholemodule;
				SWIFT_OPTIMIZATION_LEVEL = "-O";
				VALIDATE_PRODUCT = YES;
			};
			name = Release;
		};
		64297C8423FE842600A352A3 /* Debug */ = {
			isa = XCBuildConfiguration;
			baseConfigurationReference = 9ED140490A96D4B1DC3F9362 /* Pods-DynamicPushAnswers.debug.xcconfig */;
			buildSettings = {
				ALWAYS_EMBED_SWIFT_STANDARD_LIBRARIES = YES;
				ASSETCATALOG_COMPILER_APPICON_NAME = AppIcon;
				CODE_SIGN_ENTITLEMENTS = DynamicPushAnswers/DynamicPushAnswers.entitlements;
				CODE_SIGN_STYLE = Automatic;
				DEVELOPMENT_ASSET_PATHS = "\"DynamicPushAnswers/Preview Content\"";
				DEVELOPMENT_TEAM = B629US47XJ;
				ENABLE_PREVIEWS = YES;
				INFOPLIST_FILE = DynamicPushAnswers/Info.plist;
				LD_RUNPATH_SEARCH_PATHS = (
					"$(inherited)",
					"@executable_path/Frameworks",
				);
				PRODUCT_BUNDLE_IDENTIFIER = it.nexor.DynamicPushAnswers;
				PRODUCT_NAME = "$(TARGET_NAME)";
				SWIFT_VERSION = 5.0;
				TARGETED_DEVICE_FAMILY = "1,2";
			};
			name = Debug;
		};
		64297C8523FE842600A352A3 /* Release */ = {
			isa = XCBuildConfiguration;
			baseConfigurationReference = F544FBB5CCDF56D2CC928218 /* Pods-DynamicPushAnswers.release.xcconfig */;
			buildSettings = {
				ALWAYS_EMBED_SWIFT_STANDARD_LIBRARIES = YES;
				ASSETCATALOG_COMPILER_APPICON_NAME = AppIcon;
				CODE_SIGN_ENTITLEMENTS = DynamicPushAnswers/DynamicPushAnswers.entitlements;
				CODE_SIGN_STYLE = Automatic;
				DEVELOPMENT_ASSET_PATHS = "\"DynamicPushAnswers/Preview Content\"";
				DEVELOPMENT_TEAM = B629US47XJ;
				ENABLE_PREVIEWS = YES;
				INFOPLIST_FILE = DynamicPushAnswers/Info.plist;
				LD_RUNPATH_SEARCH_PATHS = (
					"$(inherited)",
					"@executable_path/Frameworks",
				);
				PRODUCT_BUNDLE_IDENTIFIER = it.nexor.DynamicPushAnswers;
				PRODUCT_NAME = "$(TARGET_NAME)";
				SWIFT_VERSION = 5.0;
				TARGETED_DEVICE_FAMILY = "1,2";
			};
			name = Release;
		};
		64297C9B23FE86CF00A352A3 /* Debug */ = {
			isa = XCBuildConfiguration;
			baseConfigurationReference = F02B8C44F2621D66EA380680 /* Pods-NotificationService.debug.xcconfig */;
			buildSettings = {
				CODE_SIGN_STYLE = Automatic;
				DEVELOPMENT_TEAM = B629US47XJ;
				INFOPLIST_FILE = NotificationService/Info.plist;
				LD_RUNPATH_SEARCH_PATHS = (
					"$(inherited)",
					"@executable_path/Frameworks",
					"@executable_path/../../Frameworks",
				);
				PRODUCT_BUNDLE_IDENTIFIER = it.nexor.DynamicPushAnswers.NotificationService;
				PRODUCT_NAME = "$(TARGET_NAME)";
				SKIP_INSTALL = YES;
				SWIFT_VERSION = 5.0;
				TARGETED_DEVICE_FAMILY = "1,2";
			};
			name = Debug;
		};
		64297C9C23FE86CF00A352A3 /* Release */ = {
			isa = XCBuildConfiguration;
			baseConfigurationReference = 00B31B76C3193C53921139F5 /* Pods-NotificationService.release.xcconfig */;
			buildSettings = {
				CODE_SIGN_STYLE = Automatic;
				DEVELOPMENT_TEAM = B629US47XJ;
				INFOPLIST_FILE = NotificationService/Info.plist;
				LD_RUNPATH_SEARCH_PATHS = (
					"$(inherited)",
					"@executable_path/Frameworks",
					"@executable_path/../../Frameworks",
				);
				PRODUCT_BUNDLE_IDENTIFIER = it.nexor.DynamicPushAnswers.NotificationService;
				PRODUCT_NAME = "$(TARGET_NAME)";
				SKIP_INSTALL = YES;
				SWIFT_VERSION = 5.0;
				TARGETED_DEVICE_FAMILY = "1,2";
			};
			name = Release;
		};
/* End XCBuildConfiguration section */

/* Begin XCConfigurationList section */
		64297C6A23FE842400A352A3 /* Build configuration list for PBXProject "DynamicPushAnswers" */ = {
			isa = XCConfigurationList;
			buildConfigurations = (
				64297C8123FE842600A352A3 /* Debug */,
				64297C8223FE842600A352A3 /* Release */,
			);
			defaultConfigurationIsVisible = 0;
			defaultConfigurationName = Release;
		};
		64297C8323FE842600A352A3 /* Build configuration list for PBXNativeTarget "DynamicPushAnswers" */ = {
			isa = XCConfigurationList;
			buildConfigurations = (
				64297C8423FE842600A352A3 /* Debug */,
				64297C8523FE842600A352A3 /* Release */,
			);
			defaultConfigurationIsVisible = 0;
			defaultConfigurationName = Release;
		};
		64297C9D23FE86CF00A352A3 /* Build configuration list for PBXNativeTarget "NotificationService" */ = {
			isa = XCConfigurationList;
			buildConfigurations = (
				64297C9B23FE86CF00A352A3 /* Debug */,
				64297C9C23FE86CF00A352A3 /* Release */,
			);
			defaultConfigurationIsVisible = 0;
			defaultConfigurationName = Release;
		};
/* End XCConfigurationList section */
	};
	rootObject = 64297C6723FE842400A352A3 /* Project object */;
}
